
Microsoft Visual Studio Solution File, Format Version 12.00
Project("{FAE04EC0-301F-11D3-BF4B-00C04F79EFBC}") = "RpnCalculator", "RpnCalculator\RpnCalculator.csproj", "{49C082CB-60DC-44F3-B4CD-EFCBCC37CD29}"
EndProject
Project("{FAE04EC0-301F-11D3-BF4B-00C04F79EFBC}") = "RpnCalculator.UnitTest", "RpnCalculator.UnitTest\RpnCalculator.UnitTest.csproj", "{FDEC3113-595E-4A69-A411-49787643666F}"
EndProject
Global
	GlobalSection(SolutionConfigurationPlatforms) = preSolution
		Debug|Any CPU = Debug|Any CPU
		Release|Any CPU = Release|Any CPU
	EndGlobalSection
	GlobalSection(ProjectConfigurationPlatforms) = postSolution
		{49C082CB-60DC-44F3-B4CD-EFCBCC37CD29}.Debug|Any CPU.ActiveCfg = Debug|Any CPU
		{49C082CB-60DC-44F3-B4CD-EFCBCC37CD29}.Debug|Any CPU.Build.0 = Debug|Any CPU
		{49C082CB-60DC-44F3-B4CD-EFCBCC37CD29}.Release|Any CPU.ActiveCfg = Release|Any CPU
		{49C082CB-60DC-44F3-B4CD-EFCBCC37CD29}.Release|Any CPU.Build.0 = Release|Any CPU
		{FDEC3113-595E-4A69-A411-49787643666F}.Debug|Any CPU.ActiveCfg = Debug|Any CPU
		{FDEC3113-595E-4A69-A411-49787643666F}.Debug|Any CPU.Build.0 = Debug|Any CPU
		{FDEC3113-595E-4A69-A411-49787643666F}.Release|Any CPU.ActiveCfg = Release|Any CPU
		{FDEC3113-595E-4A69-A411-49787643666F}.Release|Any CPU.Build.0 = Release|Any CPU
	EndGlobalSection
EndGlobal
